// !$*UTF8*$!
{
	archiveVersion = 1;
	classes = {
	};
	objectVersion = 56;
	objects = {

/* Begin PBXBuildFile section */
		86C7DF90299024AD003C99CF /* AppDelegate.swift in Sources */ = {isa = PBXBuildFile; fileRef = 86C7DF8F299024AD003C99CF /* AppDelegate.swift */; };
		86C7DF92299024AD003C99CF /* SceneDelegate.swift in Sources */ = {isa = PBXBuildFile; fileRef = 86C7DF91299024AD003C99CF /* SceneDelegate.swift */; };
		86C7DF94299024AD003C99CF /* ViewController.swift in Sources */ = {isa = PBXBuildFile; fileRef = 86C7DF93299024AD003C99CF /* ViewController.swift */; };
		86C7DF97299024AD003C99CF /* Main.storyboard in Resources */ = {isa = PBXBuildFile; fileRef = 86C7DF95299024AD003C99CF /* Main.storyboard */; };
		86C7DF99299024B1003C99CF /* Assets.xcassets in Resources */ = {isa = PBXBuildFile; fileRef = 86C7DF98299024B1003C99CF /* Assets.xcassets */; };
		86C7DF9C299024B1003C99CF /* LaunchScreen.storyboard in Resources */ = {isa = PBXBuildFile; fileRef = 86C7DF9A299024B1003C99CF /* LaunchScreen.storyboard */; };
		86C7DFA729902B5C003C99CF /* InstitutionsListViewController.swift in Sources */ = {isa = PBXBuildFile; fileRef = 86C7DFA629902B5C003C99CF /* InstitutionsListViewController.swift */; };
		86C7DFA929902F3B003C99CF /* InstitutionsModel.swift in Sources */ = {isa = PBXBuildFile; fileRef = 86C7DFA829902F3B003C99CF /* InstitutionsModel.swift */; };
		86C7DFAB29902FD4003C99CF /* NetworkManager.swift in Sources */ = {isa = PBXBuildFile; fileRef = 86C7DFAA29902FD4003C99CF /* NetworkManager.swift */; };
		86C7DFAD29904B7E003C99CF /* DetailViewController.swift in Sources */ = {isa = PBXBuildFile; fileRef = 86C7DFAC29904B7E003C99CF /* DetailViewController.swift */; };
/* End PBXBuildFile section */

/* Begin PBXFileReference section */
		86C7DF8C299024AD003C99CF /* ucheba app.app */ = {isa = PBXFileReference; explicitFileType = wrapper.application; includeInIndex = 0; path = "ucheba app.app"; sourceTree = BUILT_PRODUCTS_DIR; };
		86C7DF8F299024AD003C99CF /* AppDelegate.swift */ = {isa = PBXFileReference; lastKnownFileType = sourcecode.swift; path = AppDelegate.swift; sourceTree = "<group>"; };
		86C7DF91299024AD003C99CF /* SceneDelegate.swift */ = {isa = PBXFileReference; lastKnownFileType = sourcecode.swift; path = SceneDelegate.swift; sourceTree = "<group>"; };
		86C7DF93299024AD003C99CF /* ViewController.swift */ = {isa = PBXFileReference; lastKnownFileType = sourcecode.swift; path = ViewController.swift; sourceTree = "<group>"; };
		86C7DF96299024AD003C99CF /* Base */ = {isa = PBXFileReference; lastKnownFileType = file.storyboard; name = Base; path = Base.lproj/Main.storyboard; sourceTree = "<group>"; };
		86C7DF98299024B1003C99CF /* Assets.xcassets */ = {isa = PBXFileReference; lastKnownFileType = folder.assetcatalog; path = Assets.xcassets; sourceTree = "<group>"; };
		86C7DF9B299024B1003C99CF /* Base */ = {isa = PBXFileReference; lastKnownFileType = file.storyboard; name = Base; path = Base.lproj/LaunchScreen.storyboard; sourceTree = "<group>"; };
		86C7DF9D299024B1003C99CF /* Info.plist */ = {isa = PBXFileReference; lastKnownFileType = text.plist.xml; path = Info.plist; sourceTree = "<group>"; };
		86C7DFA629902B5C003C99CF /* InstitutionsListViewController.swift */ = {isa = PBXFileReference; lastKnownFileType = sourcecode.swift; path = InstitutionsListViewController.swift; sourceTree = "<group>"; };
		86C7DFA829902F3B003C99CF /* InstitutionsModel.swift */ = {isa = PBXFileReference; lastKnownFileType = sourcecode.swift; path = InstitutionsModel.swift; sourceTree = "<group>"; };
		86C7DFAA29902FD4003C99CF /* NetworkManager.swift */ = {isa = PBXFileReference; lastKnownFileType = sourcecode.swift; path = NetworkManager.swift; sourceTree = "<group>"; };
		86C7DFAC29904B7E003C99CF /* DetailViewController.swift */ = {isa = PBXFileReference; lastKnownFileType = sourcecode.swift; path = DetailViewController.swift; sourceTree = "<group>"; };
/* End PBXFileReference section */

/* Begin PBXFrameworksBuildPhase section */
		86C7DF89299024AD003C99CF /* Frameworks */ = {
			isa = PBXFrameworksBuildPhase;
			buildActionMask = 2147483647;
			files = (
			);
			runOnlyForDeploymentPostprocessing = 0;
		};
/* End PBXFrameworksBuildPhase section */

/* Begin PBXGroup section */
		86C7DF83299024AD003C99CF = {
			isa = PBXGroup;
			children = (
				86C7DF8E299024AD003C99CF /* ucheba app */,
				86C7DF8D299024AD003C99CF /* Products */,
			);
			sourceTree = "<group>";
		};
		86C7DF8D299024AD003C99CF /* Products */ = {
			isa = PBXGroup;
			children = (
				86C7DF8C299024AD003C99CF /* ucheba app.app */,
			);
			name = Products;
			sourceTree = "<group>";
		};
		86C7DF8E299024AD003C99CF /* ucheba app */ = {
			isa = PBXGroup;
			children = (
				86C7DFA3299024D6003C99CF /* Model */,
				86C7DFA4299024E0003C99CF /* View */,
				86C7DFA5299024EC003C99CF /* Controller */,
				86C7DF8F299024AD003C99CF /* AppDelegate.swift */,
				86C7DF91299024AD003C99CF /* SceneDelegate.swift */,
				86C7DF98299024B1003C99CF /* Assets.xcassets */,
				86C7DF9A299024B1003C99CF /* LaunchScreen.storyboard */,
				86C7DF9D299024B1003C99CF /* Info.plist */,
			);
			path = "ucheba app";
			sourceTree = "<group>";
		};
		86C7DFA3299024D6003C99CF /* Model */ = {
			isa = PBXGroup;
			children = (
				86C7DFA829902F3B003C99CF /* InstitutionsModel.swift */,
				86C7DFAA29902FD4003C99CF /* NetworkManager.swift */,
			);
			path = Model;
			sourceTree = "<group>";
		};
		86C7DFA4299024E0003C99CF /* View */ = {
			isa = PBXGroup;
			children = (
				86C7DF95299024AD003C99CF /* Main.storyboard */,
			);
			path = View;
			sourceTree = "<group>";
		};
		86C7DFA5299024EC003C99CF /* Controller */ = {
			isa = PBXGroup;
			children = (
				86C7DF93299024AD003C99CF /* ViewController.swift */,
				86C7DFA629902B5C003C99CF /* InstitutionsListViewController.swift */,
				86C7DFAC29904B7E003C99CF /* DetailViewController.swift */,
			);
			path = Controller;
			sourceTree = "<group>";
		};
/* End PBXGroup section */

/* Begin PBXNativeTarget section */
		86C7DF8B299024AD003C99CF /* ucheba app */ = {
			isa = PBXNativeTarget;
			buildConfigurationList = 86C7DFA0299024B1003C99CF /* Build configuration list for PBXNativeTarget "ucheba app" */;
			buildPhases = (
				86C7DF88299024AD003C99CF /* Sources */,
				86C7DF89299024AD003C99CF /* Frameworks */,
				86C7DF8A299024AD003C99CF /* Resources */,
			);
			buildRules = (
			);
			dependencies = (
			);
			name = "ucheba app";
			productName = "ucheba app";
			productReference = 86C7DF8C299024AD003C99CF /* ucheba app.app */;
			productType = "com.apple.product-type.application";
		};
/* End PBXNativeTarget section */

/* Begin PBXProject section */
		86C7DF84299024AD003C99CF /* Project object */ = {
			isa = PBXProject;
			attributes = {
				BuildIndependentTargetsInParallel = 1;
				LastSwiftUpdateCheck = 1410;
				LastUpgradeCheck = 1410;
				TargetAttributes = {
					86C7DF8B299024AD003C99CF = {
						CreatedOnToolsVersion = 14.1;
					};
				};
			};
			buildConfigurationList = 86C7DF87299024AD003C99CF /* Build configuration list for PBXProject "ucheba app" */;
			compatibilityVersion = "Xcode 14.0";
			developmentRegion = en;
			hasScannedForEncodings = 0;
			knownRegions = (
				en,
				Base,
			);
			mainGroup = 86C7DF83299024AD003C99CF;
			productRefGroup = 86C7DF8D299024AD003C99CF /* Products */;
			projectDirPath = "";
			projectRoot = "";
			targets = (
				86C7DF8B299024AD003C99CF /* ucheba app */,
			);
		};
/* End PBXProject section */

/* Begin PBXResourcesBuildPhase section */
		86C7DF8A299024AD003C99CF /* Resources */ = {
			isa = PBXResourcesBuildPhase;
			buildActionMask = 2147483647;
			files = (
				86C7DF9C299024B1003C99CF /* LaunchScreen.storyboard in Resources */,
				86C7DF99299024B1003C99CF /* Assets.xcassets in Resources */,
				86C7DF97299024AD003C99CF /* Main.storyboard in Resources */,
			);
			runOnlyForDeploymentPostprocessing = 0;
		};
/* End PBXResourcesBuildPhase section */

/* Begin PBXSourcesBuildPhase section */
		86C7DF88299024AD003C99CF /* Sources */ = {
			isa = PBXSourcesBuildPhase;
			buildActionMask = 2147483647;
			files = (
				86C7DFAB29902FD4003C99CF /* NetworkManager.swift in Sources */,
				86C7DF94299024AD003C99CF /* ViewController.swift in Sources */,
				86C7DF90299024AD003C99CF /* AppDelegate.swift in Sources */,
				86C7DF92299024AD003C99CF /* SceneDelegate.swift in Sources */,
				86C7DFA729902B5C003C99CF /* InstitutionsListViewController.swift in Sources */,
				86C7DFA929902F3B003C99CF /* InstitutionsModel.swift in Sources */,
				86C7DFAD29904B7E003C99CF /* DetailViewController.swift in Sources */,
			);
			runOnlyForDeploymentPostprocessing = 0;
		};
/* End PBXSourcesBuildPhase section */

/* Begin PBXVariantGroup section */
		86C7DF95299024AD003C99CF /* Main.storyboard */ = {
			isa = PBXVariantGroup;
			children = (
				86C7DF96299024AD003C99CF /* Base */,
			);
			name = Main.storyboard;
			sourceTree = "<group>";
		};
		86C7DF9A299024B1003C99CF /* LaunchScreen.storyboard */ = {
			isa = PBXVariantGroup;
			children = (
				86C7DF9B299024B1003C99CF /* Base */,
			);
			name = LaunchScreen.storyboard;
			sourceTree = "<group>";
		};
/* End PBXVariantGroup section */

/* Begin XCBuildConfiguration section */
		86C7DF9E299024B1003C99CF /* Debug */ = {
			isa = XCBuildConfiguration;
			buildSettings = {
				ALWAYS_SEARCH_USER_PATHS = NO;
				CLANG_ANALYZER_NONNULL = YES;
				CLANG_ANALYZER_NUMBER_OBJECT_CONVERSION = YES_AGGRESSIVE;
				CLANG_CXX_LANGUAGE_STANDARD = "gnu++20";
				CLANG_ENABLE_MODULES = YES;
				CLANG_ENABLE_OBJC_ARC = YES;
				CLANG_ENABLE_OBJC_WEAK = YES;
				CLANG_WARN_BLOCK_CAPTURE_AUTORELEASING = YES;
				CLANG_WARN_BOOL_CONVERSION = YES;
				CLANG_WARN_COMMA = YES;
				CLANG_WARN_CONSTANT_CONVERSION = YES;
				CLANG_WARN_DEPRECATED_OBJC_IMPLEMENTATIONS = YES;
				CLANG_WARN_DIRECT_OBJC_ISA_USAGE = YES_ERROR;
				CLANG_WARN_DOCUMENTATION_COMMENTS = YES;
				CLANG_WARN_EMPTY_BODY = YES;
				CLANG_WARN_ENUM_CONVERSION = YES;
				CLANG_WARN_INFINITE_RECURSION = YES;
				CLANG_WARN_INT_CONVERSION = YES;
				CLANG_WARN_NON_LITERAL_NULL_CONVERSION = YES;
				CLANG_WARN_OBJC_IMPLICIT_RETAIN_SELF = YES;
				CLANG_WARN_OBJC_LITERAL_CONVERSION = YES;
				CLANG_WARN_OBJC_ROOT_CLASS = YES_ERROR;
				CLANG_WARN_QUOTED_INCLUDE_IN_FRAMEWORK_HEADER = YES;
				CLANG_WARN_RANGE_LOOP_ANALYSIS = YES;
				CLANG_WARN_STRICT_PROTOTYPES = YES;
				CLANG_WARN_SUSPICIOUS_MOVE = YES;
				CLANG_WARN_UNGUARDED_AVAILABILITY = YES_AGGRESSIVE;
				CLANG_WARN_UNREACHABLE_CODE = YES;
				CLANG_WARN__DUPLICATE_METHOD_MATCH = YES;
				COPY_PHASE_STRIP = NO;
				DEBUG_INFORMATION_FORMAT = dwarf;
				ENABLE_STRICT_OBJC_MSGSEND = YES;
				ENABLE_TESTABILITY = YES;
				GCC_C_LANGUAGE_STANDARD = gnu11;
				GCC_DYNAMIC_NO_PIC = NO;
				GCC_NO_COMMON_BLOCKS = YES;
				GCC_OPTIMIZATION_LEVEL = 0;
				GCC_PREPROCESSOR_DEFINITIONS = (
					"DEBUG=1",
					"$(inherited)",
				);
				GCC_WARN_64_TO_32_BIT_CONVERSION = YES;
				GCC_WARN_ABOUT_RETURN_TYPE = YES_ERROR;
				GCC_WARN_UNDECLARED_SELECTOR = YES;
				GCC_WARN_UNINITIALIZED_AUTOS = YES_AGGRESSIVE;
				GCC_WARN_UNUSED_FUNCTION = YES;
				GCC_WARN_UNUSED_VARIABLE = YES;
				IPHONEOS_DEPLOYMENT_TARGET = 16.1;
				MTL_ENABLE_DEBUG_INFO = INCLUDE_SOURCE;
				MTL_FAST_MATH = YES;
				ONLY_ACTIVE_ARCH = YES;
				SDKROOT = iphoneos;
				SWIFT_ACTIVE_COMPILATION_CONDITIONS = DEBUG;
				SWIFT_OPTIMIZATION_LEVEL = "-Onone";
			};
			name = Debug;
		};
		86C7DF9F299024B1003C99CF /* Release */ = {
			isa = XCBuildConfiguration;
			buildSettings = {
				ALWAYS_SEARCH_USER_PATHS = NO;
				CLANG_ANALYZER_NONNULL = YES;
				CLANG_ANALYZER_NUMBER_OBJECT_CONVERSION = YES_AGGRESSIVE;
				CLANG_CXX_LANGUAGE_STANDARD = "gnu++20";
				CLANG_ENABLE_MODULES = YES;
				CLANG_ENABLE_OBJC_ARC = YES;
				CLANG_ENABLE_OBJC_WEAK = YES;
				CLANG_WARN_BLOCK_CAPTURE_AUTORELEASING = YES;
				CLANG_WARN_BOOL_CONVERSION = YES;
				CLANG_WARN_COMMA = YES;
				CLANG_WARN_CONSTANT_CONVERSION = YES;
				CLANG_WARN_DEPRECATED_OBJC_IMPLEMENTATIONS = YES;
				CLANG_WARN_DIRECT_OBJC_ISA_USAGE = YES_ERROR;
				CLANG_WARN_DOCUMENTATION_COMMENTS = YES;
				CLANG_WARN_EMPTY_BODY = YES;
				CLANG_WARN_ENUM_CONVERSION = YES;
				CLANG_WARN_INFINITE_RECURSION = YES;
				CLANG_WARN_INT_CONVERSION = YES;
				CLANG_WARN_NON_LITERAL_NULL_CONVERSION = YES;
				CLANG_WARN_OBJC_IMPLICIT_RETAIN_SELF = YES;
				CLANG_WARN_OBJC_LITERAL_CONVERSION = YES;
				CLANG_WARN_OBJC_ROOT_CLASS = YES_ERROR;
				CLANG_WARN_QUOTED_INCLUDE_IN_FRAMEWORK_HEADER = YES;
				CLANG_WARN_RANGE_LOOP_ANALYSIS = YES;
				CLANG_WARN_STRICT_PROTOTYPES = YES;
				CLANG_WARN_SUSPICIOUS_MOVE = YES;
				CLANG_WARN_UNGUARDED_AVAILABILITY = YES_AGGRESSIVE;
				CLANG_WARN_UNREACHABLE_CODE = YES;
				CLANG_WARN__DUPLICATE_METHOD_MATCH = YES;
				COPY_PHASE_STRIP = NO;
				DEBUG_INFORMATION_FORMAT = "dwarf-with-dsym";
				ENABLE_NS_ASSERTIONS = NO;
				ENABLE_STRICT_OBJC_MSGSEND = YES;
				GCC_C_LANGUAGE_STANDARD = gnu11;
				GCC_NO_COMMON_BLOCKS = YES;
				GCC_WARN_64_TO_32_BIT_CONVERSION = YES;
				GCC_WARN_ABOUT_RETURN_TYPE = YES_ERROR;
				GCC_WARN_UNDECLARED_SELECTOR = YES;
				GCC_WARN_UNINITIALIZED_AUTOS = YES_AGGRESSIVE;
				GCC_WARN_UNUSED_FUNCTION = YES;
				GCC_WARN_UNUSED_VARIABLE = YES;
				IPHONEOS_DEPLOYMENT_TARGET = 16.1;
				MTL_ENABLE_DEBUG_INFO = NO;
				MTL_FAST_MATH = YES;
				SDKROOT = iphoneos;
				SWIFT_COMPILATION_MODE = wholemodule;
				SWIFT_OPTIMIZATION_LEVEL = "-O";
				VALIDATE_PRODUCT = YES;
			};
			name = Release;
		};
		86C7DFA1299024B1003C99CF /* Debug */ = {
			isa = XCBuildConfiguration;
			buildSettings = {
				ASSETCATALOG_COMPILER_APPICON_NAME = AppIcon;
				ASSETCATALOG_COMPILER_GLOBAL_ACCENT_COLOR_NAME = AccentColor;
				CODE_SIGN_STYLE = Automatic;
				CURRENT_PROJECT_VERSION = 1;
				DEVELOPMENT_TEAM = UWD3FW95SL;
				GENERATE_INFOPLIST_FILE = YES;
				INFOPLIST_FILE = "ucheba app/Info.plist";
				INFOPLIST_KEY_UIApplicationSupportsIndirectInputEvents = YES;
				INFOPLIST_KEY_UILaunchStoryboardName = LaunchScreen;
				INFOPLIST_KEY_UIMainStoryboardFile = Main;
				INFOPLIST_KEY_UISupportedInterfaceOrientations_iPad = "UIInterfaceOrientationPortrait UIInterfaceOrientationPortraitUpsideDown UIInterfaceOrientationLandscapeLeft UIInterfaceOrientationLandscapeRight";
				INFOPLIST_KEY_UISupportedInterfaceOrientations_iPhone = "UIInterfaceOrientationPortrait UIInterfaceOrientationLandscapeLeft UIInterfaceOrientationLandscapeRight";
				LD_RUNPATH_SEARCH_PATHS = (
					"$(inherited)",
					"@executable_path/Frameworks",
				);
				MARKETING_VERSION = 1.0;
				PRODUCT_BUNDLE_IDENTIFIER = "com.markgo.ucheba-app";
				PRODUCT_NAME = "$(TARGET_NAME)";
				SWIFT_EMIT_LOC_STRINGS = YES;
				SWIFT_VERSION = 5.0;
				TARGETED_DEVICE_FAMILY = "1,2";
			};
			name = Debug;
		};
		86C7DFA2299024B1003C99CF /* Release */ = {
			isa = XCBuildConfiguration;
			buildSettings = {
				ASSETCATALOG_COMPILER_APPICON_NAME = AppIcon;
				ASSETCATALOG_COMPILER_GLOBAL_ACCENT_COLOR_NAME = AccentColor;
				CODE_SIGN_STYLE = Automatic;
				CURRENT_PROJECT_VERSION = 1;
				DEVELOPMENT_TEAM = UWD3FW95SL;
				GENERATE_INFOPLIST_FILE = YES;
				INFOPLIST_FILE = "ucheba app/Info.plist";
				INFOPLIST_KEY_UIApplicationSupportsIndirectInputEvents = YES;
				INFOPLIST_KEY_UILaunchStoryboardName = LaunchScreen;
				INFOPLIST_KEY_UIMainStoryboardFile = Main;
				INFOPLIST_KEY_UISupportedInterfaceOrientations_iPad = "UIInterfaceOrientationPortrait UIInterfaceOrientationPortraitUpsideDown UIInterfaceOrientationLandscapeLeft UIInterfaceOrientationLandscapeRight";
				INFOPLIST_KEY_UISupportedInterfaceOrientations_iPhone = "UIInterfaceOrientationPortrait UIInterfaceOrientationLandscapeLeft UIInterfaceOrientationLandscapeRight";
				LD_RUNPATH_SEARCH_PATHS = (
					"$(inherited)",
					"@executable_path/Frameworks",
				);
				MARKETING_VERSION = 1.0;
				PRODUCT_BUNDLE_IDENTIFIER = "com.markgo.ucheba-app";
				PRODUCT_NAME = "$(TARGET_NAME)";
				SWIFT_EMIT_LOC_STRINGS = YES;
				SWIFT_VERSION = 5.0;
				TARGETED_DEVICE_FAMILY = "1,2";
			};
			name = Release;
		};
/* End XCBuildConfiguration section */

/* Begin XCConfigurationList section */
		86C7DF87299024AD003C99CF /* Build configuration list for PBXProject "ucheba app" */ = {
			isa = XCConfigurationList;
			buildConfigurations = (
				86C7DF9E299024B1003C99CF /* Debug */,
				86C7DF9F299024B1003C99CF /* Release */,
			);
			defaultConfigurationIsVisible = 0;
			defaultConfigurationName = Release;
		};
		86C7DFA0299024B1003C99CF /* Build configuration list for PBXNativeTarget "ucheba app" */ = {
			isa = XCConfigurationList;
			buildConfigurations = (
				86C7DFA1299024B1003C99CF /* Debug */,
				86C7DFA2299024B1003C99CF /* Release */,
			);
			defaultConfigurationIsVisible = 0;
			defaultConfigurationName = Release;
		};
/* End XCConfigurationList section */
	};
	rootObject = 86C7DF84299024AD003C99CF /* Project object */;
}
